{
  "name": "@digidockage/node-server-middleware-validate",
  "version": "1.0.0",
  "lockfileVersion": 2,
  "requires": true,
  "packages": {
    "": {
      "name": "@digidockage/node-server-middleware-validate",
      "version": "1.0.0",
      "license": "MIT",
      "engines": {
        "node": ">=12.0.0",
        "npm": ">=6.0.0"
      },
      "peerDependencies": {
        "@digidockage/node-server-util-apierror": "^1.0.0",
        "@digidockage/node-server-util-pick": "^1.0.0",
        "http-status": "^1.5.2",
        "joi": "^17.6.0"
      }
    },
    "node_modules/@digidockage/node-server-util-apierror": {
      "version": "1.0.0",
      "resolved": "https://registry.npmjs.org/@digidockage/node-server-util-apierror/-/node-server-util-apierror-1.0.0.tgz",
      "integrity": "sha512-yPz3my2xgcEVlW55CzW9wFn0KYsxx0ZHvmVEjYUS5ZICk1JrG7nKglNAC7qBnwcyJ3M0+9IqbckiaD4Cf14unA==",
      "peer": true,
      "engines": {
        "node": ">=12.0.0",
        "npm": ">=6.0.0"
      }
    },
    "node_modules/@digidockage/node-server-util-pick": {
      "version": "1.0.0",
      "resolved": "https://registry.npmjs.org/@digidockage/node-server-util-pick/-/node-server-util-pick-1.0.0.tgz",
      "integrity": "sha512-N4UkPwoLnD2RDqRGEA1De1rhKLOqkREiS55FbYxwTqAhcCtwsnMctXQJtCYoMJAxzWa+teBggIDNZ4hlMhNn9Q==",
      "peer": true,
      "engines": {
        "node": ">=12.0.0",
        "npm": ">=6.0.0"
      }
    },
    "node_modules/@hapi/hoek": {
      "version": "9.3.0",
      "resolved": "https://registry.npmjs.org/@hapi/hoek/-/hoek-9.3.0.tgz",
      "integrity": "sha512-/c6rf4UJlmHlC9b5BaNvzAcFv7HZ2QHaV0D4/HNlBdvFnvQq8RI4kYdhyPCl7Xj+oWvTWQ8ujhqS53LIgAe6KQ==",
      "peer": true
    },
    "node_modules/@hapi/topo": {
      "version": "5.1.0",
      "resolved": "https://registry.npmjs.org/@hapi/topo/-/topo-5.1.0.tgz",
      "integrity": "sha512-foQZKJig7Ob0BMAYBfcJk8d77QtOe7Wo4ox7ff1lQYoNNAb6jwcY1ncdoy2e9wQZzvNy7ODZCYJkK8kzmcAnAg==",
      "peer": true,
      "dependencies": {
        "@hapi/hoek": "^9.0.0"
      }
    },
    "node_modules/@sideway/address": {
      "version": "4.1.4",
      "resolved": "https://registry.npmjs.org/@sideway/address/-/address-4.1.4.tgz",
      "integrity": "sha512-7vwq+rOHVWjyXxVlR76Agnvhy8I9rpzjosTESvmhNeXOXdZZB15Fl+TI9x1SiHZH5Jv2wTGduSxFDIaq0m3DUw==",
      "peer": true,
      "dependencies": {
        "@hapi/hoek": "^9.0.0"
      }
    },
    "node_modules/@sideway/formula": {
      "version": "3.0.0",
      "resolved": "https://registry.npmjs.org/@sideway/formula/-/formula-3.0.0.tgz",
      "integrity": "sha512-vHe7wZ4NOXVfkoRb8T5otiENVlT7a3IAiw7H5M2+GO+9CDgcVUUsX1zalAztCmwyOr2RUTGJdgB+ZvSVqmdHmg==",
      "peer": true
    },
    "node_modules/@sideway/pinpoint": {
      "version": "2.0.0",
      "resolved": "https://registry.npmjs.org/@sideway/pinpoint/-/pinpoint-2.0.0.tgz",
      "integrity": "sha512-RNiOoTPkptFtSVzQevY/yWtZwf/RxyVnPy/OcA9HBM3MlGDnBEYL5B41H0MTn0Uec8Hi+2qUtTfG2WWZBmMejQ==",
      "peer": true
    },
    "node_modules/http-status": {
      "version": "1.5.2",
      "resolved": "https://registry.npmjs.org/http-status/-/http-status-1.5.2.tgz",
      "integrity": "sha512-HzxX+/hV/8US1Gq4V6R6PgUmJ5Pt/DGATs4QhdEOpG8LrdS9/3UG2nnOvkqUpRks04yjVtV5p/NODjO+wvf6vg==",
      "peer": true,
      "engines": {
        "node": ">= 0.4.0"
      }
    },
    "node_modules/joi": {
      "version": "17.6.0",
      "resolved": "https://registry.npmjs.org/joi/-/joi-17.6.0.tgz",
      "integrity": "sha512-OX5dG6DTbcr/kbMFj0KGYxuew69HPcAE3K/sZpEV2nP6e/j/C0HV+HNiBPCASxdx5T7DMoa0s8UeHWMnb6n2zw==",
      "peer": true,
      "dependencies": {
        "@hapi/hoek": "^9.0.0",
        "@hapi/topo": "^5.0.0",
        "@sideway/address": "^4.1.3",
        "@sideway/formula": "^3.0.0",
        "@sideway/pinpoint": "^2.0.0"
      }
    }
  },
  "dependencies": {
    "@digidockage/node-server-util-apierror": {
      "version": "1.0.0",
      "resolved": "https://registry.npmjs.org/@digidockage/node-server-util-apierror/-/node-server-util-apierror-1.0.0.tgz",
      "integrity": "sha512-yPz3my2xgcEVlW55CzW9wFn0KYsxx0ZHvmVEjYUS5ZICk1JrG7nKglNAC7qBnwcyJ3M0+9IqbckiaD4Cf14unA==",
      "peer": true
    },
    "@digidockage/node-server-util-pick": {
      "version": "1.0.0",
      "resolved": "https://registry.npmjs.org/@digidockage/node-server-util-pick/-/node-server-util-pick-1.0.0.tgz",
      "integrity": "sha512-N4UkPwoLnD2RDqRGEA1De1rhKLOqkREiS55FbYxwTqAhcCtwsnMctXQJtCYoMJAxzWa+teBggIDNZ4hlMhNn9Q==",
      "peer": true
    },
    "@hapi/hoek": {
      "version": "9.3.0",
      "resolved": "https://registry.npmjs.org/@hapi/hoek/-/hoek-9.3.0.tgz",
      "integrity": "sha512-/c6rf4UJlmHlC9b5BaNvzAcFv7HZ2QHaV0D4/HNlBdvFnvQq8RI4kYdhyPCl7Xj+oWvTWQ8ujhqS53LIgAe6KQ==",
      "peer": true
    },
    "@hapi/topo": {
      "version": "5.1.0",
      "resolved": "https://registry.npmjs.org/@hapi/topo/-/topo-5.1.0.tgz",
      "integrity": "sha512-foQZKJig7Ob0BMAYBfcJk8d77QtOe7Wo4ox7ff1lQYoNNAb6jwcY1ncdoy2e9wQZzvNy7ODZCYJkK8kzmcAnAg==",
      "peer": true,
      "requires": {
        "@hapi/hoek": "^9.0.0"
      }
    },
    "@sideway/address": {
      "version": "4.1.4",
      "resolved": "https://registry.npmjs.org/@sideway/address/-/address-4.1.4.tgz",
      "integrity": "sha512-7vwq+rOHVWjyXxVlR76Agnvhy8I9rpzjosTESvmhNeXOXdZZB15Fl+TI9x1SiHZH5Jv2wTGduSxFDIaq0m3DUw==",
      "peer": true,
      "requires": {
        "@hapi/hoek": "^9.0.0"
      }
    },
    "@sideway/formula": {
      "version": "3.0.0",
      "resolved": "https://registry.npmjs.org/@sideway/formula/-/formula-3.0.0.tgz",
      "integrity": "sha512-vHe7wZ4NOXVfkoRb8T5otiENVlT7a3IAiw7H5M2+GO+9CDgcVUUsX1zalAztCmwyOr2RUTGJdgB+ZvSVqmdHmg==",
      "peer": true
    },
    "@sideway/pinpoint": {
      "version": "2.0.0",
      "resolved": "https://registry.npmjs.org/@sideway/pinpoint/-/pinpoint-2.0.0.tgz",
      "integrity": "sha512-RNiOoTPkptFtSVzQevY/yWtZwf/RxyVnPy/OcA9HBM3MlGDnBEYL5B41H0MTn0Uec8Hi+2qUtTfG2WWZBmMejQ==",
      "peer": true
    },
    "http-status": {
      "version": "1.5.2",
      "resolved": "https://registry.npmjs.org/http-status/-/http-status-1.5.2.tgz",
      "integrity": "sha512-HzxX+/hV/8US1Gq4V6R6PgUmJ5Pt/DGATs4QhdEOpG8LrdS9/3UG2nnOvkqUpRks04yjVtV5p/NODjO+wvf6vg==",
      "peer": true
    },
    "joi": {
      "version": "17.6.0",
      "resolved": "https://registry.npmjs.org/joi/-/joi-17.6.0.tgz",
      "integrity": "sha512-OX5dG6DTbcr/kbMFj0KGYxuew69HPcAE3K/sZpEV2nP6e/j/C0HV+HNiBPCASxdx5T7DMoa0s8UeHWMnb6n2zw==",
      "peer": true,
      "requires": {
        "@hapi/hoek": "^9.0.0",
        "@hapi/topo": "^5.0.0",
        "@sideway/address": "^4.1.3",
        "@sideway/formula": "^3.0.0",
        "@sideway/pinpoint": "^2.0.0"
      }
    }
  }
}
