{
  "name": "@esultocom/node-server-middleware-validate",
  "version": "1.0.0",
  "lockfileVersion": 2,
  "requires": true,
  "packages": {
    "": {
      "name": "@esultocom/node-server-middleware-validate",
      "version": "1.0.0",
      "license": "MIT",
      "engines": {
        "node": ">=12.0.0",
        "npm": ">=6.0.0"
      },
      "peerDependencies": {
        "@esultocom/node-server-util-apierror": "^1.0.0",
        "@esultocom/node-server-util-pick": "^1.0.0"
      }
    },
    "node_modules/@esultocom/node-server-util-apierror": {
      "version": "1.0.0",
      "resolved": "https://registry.npmjs.org/@esultocom/node-server-util-apierror/-/node-server-util-apierror-1.0.0.tgz",
      "integrity": "sha512-yPz3my2xgcEVlW55CzW9wFn0KYsxx0ZHvmVEjYUS5ZICk1JrG7nKglNAC7qBnwcyJ3M0+9IqbckiaD4Cf14unA==",
      "peer": true,
      "engines": {
        "node": ">=12.0.0",
        "npm": ">=6.0.0"
      }
    },
    "node_modules/@esultocom/node-server-util-pick": {
      "version": "1.0.0",
      "resolved": "https://registry.npmjs.org/@esultocom/node-server-util-pick/-/node-server-util-pick-1.0.0.tgz",
      "integrity": "sha512-N4UkPwoLnD2RDqRGEA1De1rhKLOqkREiS55FbYxwTqAhcCtwsnMctXQJtCYoMJAxzWa+teBggIDNZ4hlMhNn9Q==",
      "peer": true,
      "engines": {
        "node": ">=12.0.0",
        "npm": ">=6.0.0"
      }
    }
  },
  "dependencies": {
    "@esultocom/node-server-util-apierror": {
      "version": "1.0.0",
      "resolved": "https://registry.npmjs.org/@esultocom/node-server-util-apierror/-/node-server-util-apierror-1.0.0.tgz",
      "integrity": "sha512-yPz3my2xgcEVlW55CzW9wFn0KYsxx0ZHvmVEjYUS5ZICk1JrG7nKglNAC7qBnwcyJ3M0+9IqbckiaD4Cf14unA==",
      "peer": true
    },
    "@esultocom/node-server-util-pick": {
      "version": "1.0.0",
      "resolved": "https://registry.npmjs.org/@esultocom/node-server-util-pick/-/node-server-util-pick-1.0.0.tgz",
      "integrity": "sha512-N4UkPwoLnD2RDqRGEA1De1rhKLOqkREiS55FbYxwTqAhcCtwsnMctXQJtCYoMJAxzWa+teBggIDNZ4hlMhNn9Q==",
      "peer": true
    }
  }
}
